
Microsoft Visual Studio Solution File, Format Version 12.00
# Visual Studio Version 17
VisualStudioVersion = 17.10.35013.160
MinimumVisualStudioVersion = 10.0.40219.1
Project("{FAE04EC0-301F-11D3-BF4B-00C04F79EFBC}") = "KonnClient", "KonnClient.csproj", "{3702F0EB-65C1-4E0F-B228-DCC4119BDF1E}"
EndProject
Global
	GlobalSection(SolutionConfigurationPlatforms) = preSolution
		Debug|Any CPU = Debug|Any CPU
		Release|Any CPU = Release|Any CPU
	EndGlobalSection
	GlobalSection(ProjectConfigurationPlatforms) = postSolution
		{3702F0EB-65C1-4E0F-B228-DCC4119BDF1E}.Debug|Any CPU.ActiveCfg = Debug|Any CPU
		{3702F0EB-65C1-4E0F-B228-DCC4119BDF1E}.Debug|Any CPU.Build.0 = Debug|Any CPU
		{3702F0EB-65C1-4E0F-B228-DCC4119BDF1E}.Release|Any CPU.ActiveCfg = Release|Any CPU
		{3702F0EB-65C1-4E0F-B228-DCC4119BDF1E}.Release|Any CPU.Build.0 = Release|Any CPU
	EndGlobalSection
	GlobalSection(SolutionProperties) = preSolution
		HideSolutionNode = FALSE
	EndGlobalSection
	GlobalSection(ExtensibilityGlobals) = postSolution
		SolutionGuid = {BF6BF7CC-0319-4E2F-8DA5-76EB1AF4282C}
	EndGlobalSection
EndGlobal
